
Microsoft Visual Studio Solution File, Format Version 12.00
# Visual Studio Version 16
VisualStudioVersion = 16.0.29009.5
MinimumVisualStudioVersion = 10.0.40219.1
Project("{6EC3EE1D-3C4E-46DD-8F32-0CC8E7565705}") = "AssetTrafo", "src\AssetTrafo.fsproj", "{57076BAE-6F3A-4E42-85DC-25C28809BDD4}"
EndProject
Project("{F2A71F9B-5D33-465A-A702-920D77279786}") = "AssetTrafoTest", "test\AssetTrafoTest.fsproj", "{5436B283-9A7B-4899-A2EA-747047D3F200}"
EndProject
Global
	GlobalSection(SolutionConfigurationPlatforms) = preSolution
		Debug|Any CPU = Debug|Any CPU
		Release|Any CPU = Release|Any CPU
	EndGlobalSection
	GlobalSection(ProjectConfigurationPlatforms) = postSolution
		{57076BAE-6F3A-4E42-85DC-25C28809BDD4}.Debug|Any CPU.ActiveCfg = Debug|Any CPU
		{57076BAE-6F3A-4E42-85DC-25C28809BDD4}.Debug|Any CPU.Build.0 = Debug|Any CPU
		{57076BAE-6F3A-4E42-85DC-25C28809BDD4}.Release|Any CPU.ActiveCfg = Release|Any CPU
		{57076BAE-6F3A-4E42-85DC-25C28809BDD4}.Release|Any CPU.Build.0 = Release|Any CPU
		{5436B283-9A7B-4899-A2EA-747047D3F200}.Debug|Any CPU.ActiveCfg = Debug|Any CPU
		{5436B283-9A7B-4899-A2EA-747047D3F200}.Debug|Any CPU.Build.0 = Debug|Any CPU
		{5436B283-9A7B-4899-A2EA-747047D3F200}.Release|Any CPU.ActiveCfg = Release|Any CPU
		{5436B283-9A7B-4899-A2EA-747047D3F200}.Release|Any CPU.Build.0 = Release|Any CPU
	EndGlobalSection
	GlobalSection(SolutionProperties) = preSolution
		HideSolutionNode = FALSE
	EndGlobalSection
	GlobalSection(ExtensibilityGlobals) = postSolution
		SolutionGuid = {1F2D4614-5F5F-4589-8B50-76CFCB7BCD99}
	EndGlobalSection
EndGlobal
