
Microsoft Visual Studio Solution File, Format Version 12.00
# Visual Studio Version 16
VisualStudioVersion = 16.0.28922.388
MinimumVisualStudioVersion = 10.0.40219.1
Project("{6EC3EE1D-3C4E-46DD-8F32-0CC8E7565705}") = "AssetBase", "src\AssetBase.fsproj", "{78817557-0C36-466B-816D-E45A109D9151}"
EndProject
Project("{F2A71F9B-5D33-465A-A702-920D77279786}") = "AssetBaseTest", "test\AssetBaseTest.fsproj", "{C55179C0-02E9-4CDB-AA51-DF0EF78A55CF}"
EndProject
Global
	GlobalSection(SolutionConfigurationPlatforms) = preSolution
		Debug|Any CPU = Debug|Any CPU
		Release|Any CPU = Release|Any CPU
	EndGlobalSection
	GlobalSection(ProjectConfigurationPlatforms) = postSolution
		{78817557-0C36-466B-816D-E45A109D9151}.Debug|Any CPU.ActiveCfg = Debug|Any CPU
		{78817557-0C36-466B-816D-E45A109D9151}.Debug|Any CPU.Build.0 = Debug|Any CPU
		{78817557-0C36-466B-816D-E45A109D9151}.Release|Any CPU.ActiveCfg = Release|Any CPU
		{78817557-0C36-466B-816D-E45A109D9151}.Release|Any CPU.Build.0 = Release|Any CPU
		{C55179C0-02E9-4CDB-AA51-DF0EF78A55CF}.Debug|Any CPU.ActiveCfg = Debug|Any CPU
		{C55179C0-02E9-4CDB-AA51-DF0EF78A55CF}.Debug|Any CPU.Build.0 = Debug|Any CPU
		{C55179C0-02E9-4CDB-AA51-DF0EF78A55CF}.Release|Any CPU.ActiveCfg = Release|Any CPU
		{C55179C0-02E9-4CDB-AA51-DF0EF78A55CF}.Release|Any CPU.Build.0 = Release|Any CPU
	EndGlobalSection
	GlobalSection(SolutionProperties) = preSolution
		HideSolutionNode = FALSE
	EndGlobalSection
	GlobalSection(ExtensibilityGlobals) = postSolution
		SolutionGuid = {A9866297-7591-46CF-B353-F0D481AAEB99}
	EndGlobalSection
EndGlobal
